// !$*UTF8*$!
{
	archiveVersion = 1;
	classes = {
	};
	objectVersion = 46;
	objects = {

/* Begin PBXBuildFile section */
		3F47DEE31CBFF5F40085ACDA /* AppDelegate.swift in Sources */ = {isa = PBXBuildFile; fileRef = 3F47DEE21CBFF5F40085ACDA /* AppDelegate.swift */; };
		3F47DEE51CBFF5F40085ACDA /* ViewController.swift in Sources */ = {isa = PBXBuildFile; fileRef = 3F47DEE41CBFF5F40085ACDA /* ViewController.swift */; };
		3F47DEE81CBFF5F40085ACDA /* Main.storyboard in Resources */ = {isa = PBXBuildFile; fileRef = 3F47DEE61CBFF5F40085ACDA /* Main.storyboard */; };
		3F47DEEA1CBFF5F40085ACDA /* Assets.xcassets in Resources */ = {isa = PBXBuildFile; fileRef = 3F47DEE91CBFF5F40085ACDA /* Assets.xcassets */; };
		3F47DEED1CBFF5F40085ACDA /* LaunchScreen.storyboard in Resources */ = {isa = PBXBuildFile; fileRef = 3F47DEEB1CBFF5F40085ACDA /* LaunchScreen.storyboard */; };
/* End PBXBuildFile section */

/* Begin PBXFileReference section */
		3F47DEDF1CBFF5F40085ACDA /* reproductorMusica.app */ = {isa = PBXFileReference; explicitFileType = wrapper.application; includeInIndex = 0; path = reproductorMusica.app; sourceTree = BUILT_PRODUCTS_DIR; };
		3F47DEE21CBFF5F40085ACDA /* AppDelegate.swift */ = {isa = PBXFileReference; lastKnownFileType = sourcecode.swift; path = AppDelegate.swift; sourceTree = "<group>"; };
		3F47DEE41CBFF5F40085ACDA /* ViewController.swift */ = {isa = PBXFileReference; lastKnownFileType = sourcecode.swift; path = ViewController.swift; sourceTree = "<group>"; };
		3F47DEE71CBFF5F40085ACDA /* Base */ = {isa = PBXFileReference; lastKnownFileType = file.storyboard; name = Base; path = Base.lproj/Main.storyboard; sourceTree = "<group>"; };
		3F47DEE91CBFF5F40085ACDA /* Assets.xcassets */ = {isa = PBXFileReference; lastKnownFileType = folder.assetcatalog; path = Assets.xcassets; sourceTree = "<group>"; };
		3F47DEEC1CBFF5F40085ACDA /* Base */ = {isa = PBXFileReference; lastKnownFileType = file.storyboard; name = Base; path = Base.lproj/LaunchScreen.storyboard; sourceTree = "<group>"; };
		3F47DEEE1CBFF5F40085ACDA /* Info.plist */ = {isa = PBXFileReference; lastKnownFileType = text.plist.xml; path = Info.plist; sourceTree = "<group>"; };
/* End PBXFileReference section */

/* Begin PBXFrameworksBuildPhase section */
		3F47DEDC1CBFF5F40085ACDA /* Frameworks */ = {
			isa = PBXFrameworksBuildPhase;
			buildActionMask = 2147483647;
			files = (
			);
			runOnlyForDeploymentPostprocessing = 0;
		};
/* End PBXFrameworksBuildPhase section */

/* Begin PBXGroup section */
		3F47DED61CBFF5F40085ACDA = {
			isa = PBXGroup;
			children = (
				3F47DEE11CBFF5F40085ACDA /* reproductorMusica */,
				3F47DEE01CBFF5F40085ACDA /* Products */,
			);
			sourceTree = "<group>";
		};
		3F47DEE01CBFF5F40085ACDA /* Products */ = {
			isa = PBXGroup;
			children = (
				3F47DEDF1CBFF5F40085ACDA /* reproductorMusica.app */,
			);
			name = Products;
			sourceTree = "<group>";
		};
		3F47DEE11CBFF5F40085ACDA /* reproductorMusica */ = {
			isa = PBXGroup;
			children = (
				3F47DEE21CBFF5F40085ACDA /* AppDelegate.swift */,
				3F47DEE41CBFF5F40085ACDA /* ViewController.swift */,
				3F47DEE61CBFF5F40085ACDA /* Main.storyboard */,
				3F47DEE91CBFF5F40085ACDA /* Assets.xcassets */,
				3F47DEEB1CBFF5F40085ACDA /* LaunchScreen.storyboard */,
				3F47DEEE1CBFF5F40085ACDA /* Info.plist */,
			);
			path = reproductorMusica;
			sourceTree = "<group>";
		};
/* End PBXGroup section */

/* Begin PBXNativeTarget section */
		3F47DEDE1CBFF5F40085ACDA /* reproductorMusica */ = {
			isa = PBXNativeTarget;
			buildConfigurationList = 3F47DEF11CBFF5F40085ACDA /* Build configuration list for PBXNativeTarget "reproductorMusica" */;
			buildPhases = (
				3F47DEDB1CBFF5F40085ACDA /* Sources */,
				3F47DEDC1CBFF5F40085ACDA /* Frameworks */,
				3F47DEDD1CBFF5F40085ACDA /* Resources */,
			);
			buildRules = (
			);
			dependencies = (
			);
			name = reproductorMusica;
			productName = reproductorMusica;
			productReference = 3F47DEDF1CBFF5F40085ACDA /* reproductorMusica.app */;
			productType = "com.apple.product-type.application";
		};
/* End PBXNativeTarget section */

/* Begin PBXProject section */
		3F47DED71CBFF5F40085ACDA /* Project object */ = {
			isa = PBXProject;
			attributes = {
				LastSwiftUpdateCheck = 0730;
				LastUpgradeCheck = 0730;
				ORGANIZATIONNAME = "Guillermo Asencio Sanchez";
				TargetAttributes = {
					3F47DEDE1CBFF5F40085ACDA = {
						CreatedOnToolsVersion = 7.3;
						DevelopmentTeam = UJY2XMDH39;
					};
				};
			};
			buildConfigurationList = 3F47DEDA1CBFF5F40085ACDA /* Build configuration list for PBXProject "reproductorMusica" */;
			compatibilityVersion = "Xcode 3.2";
			developmentRegion = English;
			hasScannedForEncodings = 0;
			knownRegions = (
				en,
				Base,
			);
			mainGroup = 3F47DED61CBFF5F40085ACDA;
			productRefGroup = 3F47DEE01CBFF5F40085ACDA /* Products */;
			projectDirPath = "";
			projectRoot = "";
			targets = (
				3F47DEDE1CBFF5F40085ACDA /* reproductorMusica */,
			);
		};
/* End PBXProject section */

/* Begin PBXResourcesBuildPhase section */
		3F47DEDD1CBFF5F40085ACDA /* Resources */ = {
			isa = PBXResourcesBuildPhase;
			buildActionMask = 2147483647;
			files = (
				3F47DEED1CBFF5F40085ACDA /* LaunchScreen.storyboard in Resources */,
				3F47DEEA1CBFF5F40085ACDA /* Assets.xcassets in Resources */,
				3F47DEE81CBFF5F40085ACDA /* Main.storyboard in Resources */,
			);
			runOnlyForDeploymentPostprocessing = 0;
		};
/* End PBXResourcesBuildPhase section */

/* Begin PBXSourcesBuildPhase section */
		3F47DEDB1CBFF5F40085ACDA /* Sources */ = {
			isa = PBXSourcesBuildPhase;
			buildActionMask = 2147483647;
			files = (
				3F47DEE51CBFF5F40085ACDA /* ViewController.swift in Sources */,
				3F47DEE31CBFF5F40085ACDA /* AppDelegate.swift in Sources */,
			);
			runOnlyForDeploymentPostprocessing = 0;
		};
/* End PBXSourcesBuildPhase section */

/* Begin PBXVariantGroup section */
		3F47DEE61CBFF5F40085ACDA /* Main.storyboard */ = {
			isa = PBXVariantGroup;
			children = (
				3F47DEE71CBFF5F40085ACDA /* Base */,
			);
			name = Main.storyboard;
			sourceTree = "<group>";
		};
		3F47DEEB1CBFF5F40085ACDA /* LaunchScreen.storyboard */ = {
			isa = PBXVariantGroup;
			children = (
				3F47DEEC1CBFF5F40085ACDA /* Base */,
			);
			name = LaunchScreen.storyboard;
			sourceTree = "<group>";
		};
/* End PBXVariantGroup section */

/* Begin XCBuildConfiguration section */
		3F47DEEF1CBFF5F40085ACDA /* Debug */ = {
			isa = XCBuildConfiguration;
			buildSettings = {
				ALWAYS_SEARCH_USER_PATHS = NO;
				CLANG_ANALYZER_NONNULL = YES;
				CLANG_CXX_LANGUAGE_STANDARD = "gnu++0x";
				CLANG_CXX_LIBRARY = "libc++";
				CLANG_ENABLE_MODULES = YES;
				CLANG_ENABLE_OBJC_ARC = YES;
				CLANG_WARN_BOOL_CONVERSION = YES;
				CLANG_WARN_CONSTANT_CONVERSION = YES;
				CLANG_WARN_DIRECT_OBJC_ISA_USAGE = YES_ERROR;
				CLANG_WARN_EMPTY_BODY = YES;
				CLANG_WARN_ENUM_CONVERSION = YES;
				CLANG_WARN_INT_CONVERSION = YES;
				CLANG_WARN_OBJC_ROOT_CLASS = YES_ERROR;
				CLANG_WARN_UNREACHABLE_CODE = YES;
				CLANG_WARN__DUPLICATE_METHOD_MATCH = YES;
				"CODE_SIGN_IDENTITY[sdk=iphoneos*]" = "iPhone Developer";
				COPY_PHASE_STRIP = NO;
				DEBUG_INFORMATION_FORMAT = dwarf;
				ENABLE_STRICT_OBJC_MSGSEND = YES;
				ENABLE_TESTABILITY = YES;
				GCC_C_LANGUAGE_STANDARD = gnu99;
				GCC_DYNAMIC_NO_PIC = NO;
				GCC_NO_COMMON_BLOCKS = YES;
				GCC_OPTIMIZATION_LEVEL = 0;
				GCC_PREPROCESSOR_DEFINITIONS = (
					"DEBUG=1",
					"$(inherited)",
				);
				GCC_WARN_64_TO_32_BIT_CONVERSION = YES;
				GCC_WARN_ABOUT_RETURN_TYPE = YES_ERROR;
				GCC_WARN_UNDECLARED_SELECTOR = YES;
				GCC_WARN_UNINITIALIZED_AUTOS = YES_AGGRESSIVE;
				GCC_WARN_UNUSED_FUNCTION = YES;
				GCC_WARN_UNUSED_VARIABLE = YES;
				IPHONEOS_DEPLOYMENT_TARGET = 9.3;
				MTL_ENABLE_DEBUG_INFO = YES;
				ONLY_ACTIVE_ARCH = YES;
				SDKROOT = iphoneos;
				SWIFT_OPTIMIZATION_LEVEL = "-Onone";
				TARGETED_DEVICE_FAMILY = "1,2";
			};
			name = Debug;
		};
		3F47DEF01CBFF5F40085ACDA /* Release */ = {
			isa = XCBuildConfiguration;
			buildSettings = {
				ALWAYS_SEARCH_USER_PATHS = NO;
				CLANG_ANALYZER_NONNULL = YES;
				CLANG_CXX_LANGUAGE_STANDARD = "gnu++0x";
				CLANG_CXX_LIBRARY = "libc++";
				CLANG_ENABLE_MODULES = YES;
				CLANG_ENABLE_OBJC_ARC = YES;
				CLANG_WARN_BOOL_CONVERSION = YES;
				CLANG_WARN_CONSTANT_CONVERSION = YES;
				CLANG_WARN_DIRECT_OBJC_ISA_USAGE = YES_ERROR;
				CLANG_WARN_EMPTY_BODY = YES;
				CLANG_WARN_ENUM_CONVERSION = YES;
				CLANG_WARN_INT_CONVERSION = YES;
				CLANG_WARN_OBJC_ROOT_CLASS = YES_ERROR;
				CLANG_WARN_UNREACHABLE_CODE = YES;
				CLANG_WARN__DUPLICATE_METHOD_MATCH = YES;
				"CODE_SIGN_IDENTITY[sdk=iphoneos*]" = "iPhone Developer";
				COPY_PHASE_STRIP = NO;
				DEBUG_INFORMATION_FORMAT = "dwarf-with-dsym";
				ENABLE_NS_ASSERTIONS = NO;
				ENABLE_STRICT_OBJC_MSGSEND = YES;
				GCC_C_LANGUAGE_STANDARD = gnu99;
				GCC_NO_COMMON_BLOCKS = YES;
				GCC_WARN_64_TO_32_BIT_CONVERSION = YES;
				GCC_WARN_ABOUT_RETURN_TYPE = YES_ERROR;
				GCC_WARN_UNDECLARED_SELECTOR = YES;
				GCC_WARN_UNINITIALIZED_AUTOS = YES_AGGRESSIVE;
				GCC_WARN_UNUSED_FUNCTION = YES;
				GCC_WARN_UNUSED_VARIABLE = YES;
				IPHONEOS_DEPLOYMENT_TARGET = 9.3;
				MTL_ENABLE_DEBUG_INFO = NO;
				SDKROOT = iphoneos;
				TARGETED_DEVICE_FAMILY = "1,2";
				VALIDATE_PRODUCT = YES;
			};
			name = Release;
		};
		3F47DEF21CBFF5F40085ACDA /* Debug */ = {
			isa = XCBuildConfiguration;
			buildSettings = {
				ASSETCATALOG_COMPILER_APPICON_NAME = AppIcon;
				INFOPLIST_FILE = reproductorMusica/Info.plist;
				LD_RUNPATH_SEARCH_PATHS = "$(inherited) @executable_path/Frameworks";
				PRODUCT_BUNDLE_IDENTIFIER = com.willassens.reproductorMusica;
				PRODUCT_NAME = "$(TARGET_NAME)";
			};
			name = Debug;
		};
		3F47DEF31CBFF5F40085ACDA /* Release */ = {
			isa = XCBuildConfiguration;
			buildSettings = {
				ASSETCATALOG_COMPILER_APPICON_NAME = AppIcon;
				INFOPLIST_FILE = reproductorMusica/Info.plist;
				LD_RUNPATH_SEARCH_PATHS = "$(inherited) @executable_path/Frameworks";
				PRODUCT_BUNDLE_IDENTIFIER = com.willassens.reproductorMusica;
				PRODUCT_NAME = "$(TARGET_NAME)";
			};
			name = Release;
		};
/* End XCBuildConfiguration section */

/* Begin XCConfigurationList section */
		3F47DEDA1CBFF5F40085ACDA /* Build configuration list for PBXProject "reproductorMusica" */ = {
			isa = XCConfigurationList;
			buildConfigurations = (
				3F47DEEF1CBFF5F40085ACDA /* Debug */,
				3F47DEF01CBFF5F40085ACDA /* Release */,
			);
			defaultConfigurationIsVisible = 0;
			defaultConfigurationName = Release;
		};
		3F47DEF11CBFF5F40085ACDA /* Build configuration list for PBXNativeTarget "reproductorMusica" */ = {
			isa = XCConfigurationList;
			buildConfigurations = (
				3F47DEF21CBFF5F40085ACDA /* Debug */,
				3F47DEF31CBFF5F40085ACDA /* Release */,
			);
			defaultConfigurationIsVisible = 0;
		};
/* End XCConfigurationList section */
	};
	rootObject = 3F47DED71CBFF5F40085ACDA /* Project object */;
}
